
Microsoft Visual Studio Solution File, Format Version 12.00
# Visual Studio 2013
VisualStudioVersion = 12.0.31101.0
MinimumVisualStudioVersion = 10.0.40219.1
Project("{8BC9CEB8-8B4A-11D0-8D11-00A0C91BC942}") = "NETTIK_Networking", "NETTIK_Networking\NETTIK_Networking.vcxproj", "{B80950FD-A68A-45D3-953E-2FC02D956ECB}"
EndProject
Project("{8BC9CEB8-8B4A-11D0-8D11-00A0C91BC942}") = "NETTIK_NetworkingTests", "NETTIK_NetworkingTests\NETTIK_NetworkingTests.vcxproj", "{4FE2F3E5-0BFC-4364-963A-E99A2AF01513}"
EndProject
Global
	GlobalSection(SolutionConfigurationPlatforms) = preSolution
		Debug|Win32 = Debug|Win32
		Release|Win32 = Release|Win32
	EndGlobalSection
	GlobalSection(ProjectConfigurationPlatforms) = postSolution
		{B80950FD-A68A-45D3-953E-2FC02D956ECB}.Debug|Win32.ActiveCfg = Debug|Win32
		{B80950FD-A68A-45D3-953E-2FC02D956ECB}.Debug|Win32.Build.0 = Debug|Win32
		{B80950FD-A68A-45D3-953E-2FC02D956ECB}.Release|Win32.ActiveCfg = Release|Win32
		{B80950FD-A68A-45D3-953E-2FC02D956ECB}.Release|Win32.Build.0 = Release|Win32
		{4FE2F3E5-0BFC-4364-963A-E99A2AF01513}.Debug|Win32.ActiveCfg = Debug|Win32
		{4FE2F3E5-0BFC-4364-963A-E99A2AF01513}.Debug|Win32.Build.0 = Debug|Win32
		{4FE2F3E5-0BFC-4364-963A-E99A2AF01513}.Release|Win32.ActiveCfg = Release|Win32
		{4FE2F3E5-0BFC-4364-963A-E99A2AF01513}.Release|Win32.Build.0 = Release|Win32
	EndGlobalSection
	GlobalSection(SolutionProperties) = preSolution
		HideSolutionNode = FALSE
	EndGlobalSection
EndGlobal
