<?xml version="1.0" encoding="utf-8"?>
<Project ToolsVersion="4.0" xmlns="http://schemas.microsoft.com/developer/msbuild/2003">
  <ItemGroup>
    <Filter Include="Source Files">
      <UniqueIdentifier>{4FC737F1-C7A5-4376-A066-2A32D752A2FF}</UniqueIdentifier>
      <Extensions>cpp;c;cc;cxx;def;odl;idl;hpj;bat;asm;asmx</Extensions>
    </Filter>
    <Filter Include="Header Files">
      <UniqueIdentifier>{93995380-89BD-4b04-88EB-625FBE52EBFB}</UniqueIdentifier>
      <Extensions>h;hh;hpp;hxx;hm;inl;inc;xsd</Extensions>
    </Filter>
    <Filter Include="Resource Files">
      <UniqueIdentifier>{67DA6AB6-F800-4c08-8B7A-83BB121AAD01}</UniqueIdentifier>
      <Extensions>rc;ico;cur;bmp;dlg;rc2;rct;bin;rgs;gif;jpg;jpeg;jpe;resx;tiff;tif;png;wav;mfcribbon-ms</Extensions>
    </Filter>
  </ItemGroup>
  <ItemGroup>
    <Text Include="ReadMe.txt" />
  </ItemGroup>
  <ItemGroup>
    <ClInclude Include="vsprojects\include\google\protobuf\any.h">
      <Filter>Header Files</Filter>
    </ClInclude>
    <ClInclude Include="vsprojects\include\google\protobuf\any.pb.h">
      <Filter>Header Files</Filter>
    </ClInclude>
    <ClInclude Include="vsprojects\include\google\protobuf\api.pb.h">
      <Filter>Header Files</Filter>
    </ClInclude>
    <ClInclude Include="vsprojects\include\google\protobuf\arena.h">
      <Filter>Header Files</Filter>
    </ClInclude>
    <ClInclude Include="vsprojects\include\google\protobuf\arenastring.h">
      <Filter>Header Files</Filter>
    </ClInclude>
    <ClInclude Include="vsprojects\include\google\protobuf\descriptor.h">
      <Filter>Header Files</Filter>
    </ClInclude>
    <ClInclude Include="vsprojects\include\google\protobuf\descriptor.pb.h">
      <Filter>Header Files</Filter>
    </ClInclude>
    <ClInclude Include="vsprojects\include\google\protobuf\descriptor_database.h">
      <Filter>Header Files</Filter>
    </ClInclude>
    <ClInclude Include="vsprojects\include\google\protobuf\dynamic_message.h">
      <Filter>Header Files</Filter>
    </ClInclude>
    <ClInclude Include="vsprojects\include\google\protobuf\empty.pb.h">
      <Filter>Header Files</Filter>
    </ClInclude>
    <ClInclude Include="vsprojects\include\google\protobuf\extension_set.h">
      <Filter>Header Files</Filter>
    </ClInclude>
    <ClInclude Include="vsprojects\include\google\protobuf\field_mask.pb.h">
      <Filter>Header Files</Filter>
    </ClInclude>
    <ClInclude Include="vsprojects\include\google\protobuf\generated_enum_reflection.h">
      <Filter>Header Files</Filter>
    </ClInclude>
    <ClInclude Include="vsprojects\include\google\protobuf\generated_enum_util.h">
      <Filter>Header Files</Filter>
    </ClInclude>
    <ClInclude Include="vsprojects\include\google\protobuf\generated_message_reflection.h">
      <Filter>Header Files</Filter>
    </ClInclude>
    <ClInclude Include="vsprojects\include\google\protobuf\generated_message_util.h">
      <Filter>Header Files</Filter>
    </ClInclude>
    <ClInclude Include="vsprojects\include\google\protobuf\map.h">
      <Filter>Header Files</Filter>
    </ClInclude>
    <ClInclude Include="vsprojects\include\google\protobuf\map_entry.h">
      <Filter>Header Files</Filter>
    </ClInclude>
    <ClInclude Include="vsprojects\include\google\protobuf\map_entry_lite.h">
      <Filter>Header Files</Filter>
    </ClInclude>
    <ClInclude Include="vsprojects\include\google\protobuf\map_field.h">
      <Filter>Header Files</Filter>
    </ClInclude>
    <ClInclude Include="vsprojects\include\google\protobuf\map_field_inl.h">
      <Filter>Header Files</Filter>
    </ClInclude>
    <ClInclude Include="vsprojects\include\google\protobuf\map_field_lite.h">
      <Filter>Header Files</Filter>
    </ClInclude>
    <ClInclude Include="vsprojects\include\google\protobuf\map_type_handler.h">
      <Filter>Header Files</Filter>
    </ClInclude>
    <ClInclude Include="vsprojects\include\google\protobuf\message.h">
      <Filter>Header Files</Filter>
    </ClInclude>
    <ClInclude Include="vsprojects\include\google\protobuf\message_lite.h">
      <Filter>Header Files</Filter>
    </ClInclude>
    <ClInclude Include="vsprojects\include\google\protobuf\metadata.h">
      <Filter>Header Files</Filter>
    </ClInclude>
    <ClInclude Include="vsprojects\include\google\protobuf\reflection.h">
      <Filter>Header Files</Filter>
    </ClInclude>
    <ClInclude Include="vsprojects\include\google\protobuf\reflection_ops.h">
      <Filter>Header Files</Filter>
    </ClInclude>
    <ClInclude Include="vsprojects\include\google\protobuf\repeated_field.h">
      <Filter>Header Files</Filter>
    </ClInclude>
    <ClInclude Include="vsprojects\include\google\protobuf\repeated_field_reflection.h">
      <Filter>Header Files</Filter>
    </ClInclude>
    <ClInclude Include="vsprojects\include\google\protobuf\service.h">
      <Filter>Header Files</Filter>
    </ClInclude>
    <ClInclude Include="vsprojects\include\google\protobuf\source_context.pb.h">
      <Filter>Header Files</Filter>
    </ClInclude>
    <ClInclude Include="vsprojects\include\google\protobuf\struct.pb.h">
      <Filter>Header Files</Filter>
    </ClInclude>
    <ClInclude Include="vsprojects\include\google\protobuf\text_format.h">
      <Filter>Header Files</Filter>
    </ClInclude>
    <ClInclude Include="vsprojects\include\google\protobuf\timestamp.pb.h">
      <Filter>Header Files</Filter>
    </ClInclude>
    <ClInclude Include="vsprojects\include\google\protobuf\type.pb.h">
      <Filter>Header Files</Filter>
    </ClInclude>
    <ClInclude Include="vsprojects\include\google\protobuf\unknown_field_set.h">
      <Filter>Header Files</Filter>
    </ClInclude>
    <ClInclude Include="vsprojects\include\google\protobuf\wire_format.h">
      <Filter>Header Files</Filter>
    </ClInclude>
    <ClInclude Include="vsprojects\include\google\protobuf\wire_format_lite.h">
      <Filter>Header Files</Filter>
    </ClInclude>
    <ClInclude Include="vsprojects\include\google\protobuf\wire_format_lite_inl.h">
      <Filter>Header Files</Filter>
    </ClInclude>
    <ClInclude Include="vsprojects\include\google\protobuf\wrappers.pb.h">
      <Filter>Header Files</Filter>
    </ClInclude>
  </ItemGroup>
  <ItemGroup>
    <ClCompile Include="vsprojects\src\google\protobuf\any.cc">
      <Filter>Source Files</Filter>
    </ClCompile>
    <ClCompile Include="vsprojects\src\google\protobuf\any.pb.cc">
      <Filter>Source Files</Filter>
    </ClCompile>
    <ClCompile Include="vsprojects\src\google\protobuf\api.pb.cc">
      <Filter>Source Files</Filter>
    </ClCompile>
    <ClCompile Include="vsprojects\src\google\protobuf\arena.cc">
      <Filter>Source Files</Filter>
    </ClCompile>
    <ClCompile Include="vsprojects\src\google\protobuf\arenastring.cc">
      <Filter>Source Files</Filter>
    </ClCompile>
    <ClCompile Include="vsprojects\src\google\protobuf\descriptor.cc">
      <Filter>Source Files</Filter>
    </ClCompile>
    <ClCompile Include="vsprojects\src\google\protobuf\descriptor.pb.cc">
      <Filter>Source Files</Filter>
    </ClCompile>
    <ClCompile Include="vsprojects\src\google\protobuf\descriptor_database.cc">
      <Filter>Source Files</Filter>
    </ClCompile>
    <ClCompile Include="vsprojects\src\google\protobuf\duration.pb.cc">
      <Filter>Source Files</Filter>
    </ClCompile>
    <ClCompile Include="vsprojects\src\google\protobuf\dynamic_message.cc">
      <Filter>Source Files</Filter>
    </ClCompile>
    <ClCompile Include="vsprojects\src\google\protobuf\empty.pb.cc">
      <Filter>Source Files</Filter>
    </ClCompile>
    <ClCompile Include="vsprojects\src\google\protobuf\extension_set.cc">
      <Filter>Source Files</Filter>
    </ClCompile>
    <ClCompile Include="vsprojects\src\google\protobuf\extension_set_heavy.cc">
      <Filter>Source Files</Filter>
    </ClCompile>
    <ClCompile Include="vsprojects\src\google\protobuf\field_mask.pb.cc">
      <Filter>Source Files</Filter>
    </ClCompile>
    <ClCompile Include="vsprojects\src\google\protobuf\generated_message_reflection.cc">
      <Filter>Source Files</Filter>
    </ClCompile>
    <ClCompile Include="vsprojects\src\google\protobuf\generated_message_util.cc">
      <Filter>Source Files</Filter>
    </ClCompile>
    <ClCompile Include="vsprojects\src\google\protobuf\map_field.cc">
      <Filter>Source Files</Filter>
    </ClCompile>
    <ClCompile Include="vsprojects\src\google\protobuf\message.cc">
      <Filter>Source Files</Filter>
    </ClCompile>
    <ClCompile Include="vsprojects\src\google\protobuf\message_lite.cc">
      <Filter>Source Files</Filter>
    </ClCompile>
    <ClCompile Include="vsprojects\src\google\protobuf\reflection_ops.cc">
      <Filter>Source Files</Filter>
    </ClCompile>
    <ClCompile Include="vsprojects\src\google\protobuf\repeated_field.cc">
      <Filter>Source Files</Filter>
    </ClCompile>
    <ClCompile Include="vsprojects\src\google\protobuf\service.cc">
      <Filter>Source Files</Filter>
    </ClCompile>
    <ClCompile Include="vsprojects\src\google\protobuf\source_context.pb.cc">
      <Filter>Source Files</Filter>
    </ClCompile>
    <ClCompile Include="vsprojects\src\google\protobuf\struct.pb.cc">
      <Filter>Source Files</Filter>
    </ClCompile>
    <ClCompile Include="vsprojects\src\google\protobuf\text_format.cc">
      <Filter>Source Files</Filter>
    </ClCompile>
    <ClCompile Include="vsprojects\src\google\protobuf\timestamp.pb.cc">
      <Filter>Source Files</Filter>
    </ClCompile>
    <ClCompile Include="vsprojects\src\google\protobuf\type.pb.cc">
      <Filter>Source Files</Filter>
    </ClCompile>
    <ClCompile Include="vsprojects\src\google\protobuf\unknown_field_set.cc">
      <Filter>Source Files</Filter>
    </ClCompile>
    <ClCompile Include="vsprojects\src\google\protobuf\wire_format.cc">
      <Filter>Source Files</Filter>
    </ClCompile>
    <ClCompile Include="vsprojects\src\google\protobuf\wire_format_lite.cc">
      <Filter>Source Files</Filter>
    </ClCompile>
    <ClCompile Include="vsprojects\src\google\protobuf\wrappers.pb.cc">
      <Filter>Source Files</Filter>
    </ClCompile>
  </ItemGroup>
</Project>