<?xml version="1.0" encoding="utf-8"?>
<Project ToolsVersion="4.0" xmlns="http://schemas.microsoft.com/developer/msbuild/2003">
  <ItemGroup>
    <Filter Include="Source Files">
      <UniqueIdentifier>{4FC737F1-C7A5-4376-A066-2A32D752A2FF}</UniqueIdentifier>
      <Extensions>cpp;c;cc;cxx;def;odl;idl;hpj;bat;asm;asmx</Extensions>
    </Filter>
    <Filter Include="Header Files">
      <UniqueIdentifier>{93995380-89BD-4b04-88EB-625FBE52EBFB}</UniqueIdentifier>
      <Extensions>h;hh;hpp;hxx;hm;inl;inc;xsd</Extensions>
    </Filter>
    <Filter Include="Resource Files">
      <UniqueIdentifier>{67DA6AB6-F800-4c08-8B7A-83BB121AAD01}</UniqueIdentifier>
      <Extensions>rc;ico;cur;bmp;dlg;rc2;rct;bin;rgs;gif;jpg;jpeg;jpe;resx;tiff;tif;png;wav;mfcribbon-ms</Extensions>
    </Filter>
    <Filter Include="Header Files\Utilities">
      <UniqueIdentifier>{ef10652e-56b6-451e-a4cc-356afff5c913}</UniqueIdentifier>
    </Filter>
    <Filter Include="Header Files\Packet Factory">
      <UniqueIdentifier>{8849daa4-7235-442c-a056-fded2f9f2cc5}</UniqueIdentifier>
    </Filter>
    <Filter Include="Header Files\Controllers">
      <UniqueIdentifier>{31a6c664-8f67-4408-89dd-3a678f11920a}</UniqueIdentifier>
    </Filter>
  </ItemGroup>
  <ItemGroup>
    <ClInclude Include="NETTIK_Networking.hpp">
      <Filter>Header Files</Filter>
    </ClInclude>
    <ClInclude Include="IThread.hpp">
      <Filter>Header Files\Utilities</Filter>
    </ClInclude>
    <ClInclude Include="IDebug.hpp">
      <Filter>Header Files\Utilities</Filter>
    </ClInclude>
    <ClInclude Include="INetworkPacketFactory.hpp">
      <Filter>Header Files\Packet Factory</Filter>
    </ClInclude>
    <ClInclude Include="INetworkCodes.hpp">
      <Filter>Header Files\Packet Factory</Filter>
    </ClInclude>
    <ClInclude Include="IController.hpp">
      <Filter>Header Files\Controllers</Filter>
    </ClInclude>
    <ClInclude Include="IControllerClient.hpp">
      <Filter>Header Files\Controllers</Filter>
    </ClInclude>
    <ClInclude Include="IControllerServer.hpp">
      <Filter>Header Files\Controllers</Filter>
    </ClInclude>
    <ClInclude Include="CEntities.h">
      <Filter>Header Files</Filter>
    </ClInclude>
    <ClInclude Include="EntityMessages.pb.h">
      <Filter>Header Files</Filter>
    </ClInclude>
    <ClInclude Include="VirtualInstance.h">
      <Filter>Header Files</Filter>
    </ClInclude>
    <ClInclude Include="CVector3.h">
      <Filter>Header Files\Utilities</Filter>
    </ClInclude>
    <ClInclude Include="NetObject.h">
      <Filter>Header Files</Filter>
    </ClInclude>
    <ClInclude Include="NetVar.h">
      <Filter>Header Files</Filter>
    </ClInclude>
    <ClInclude Include="CPlayerRealm.h">
      <Filter>Header Files</Filter>
    </ClInclude>
    <ClInclude Include="LockableVector.h">
      <Filter>Header Files</Filter>
    </ClInclude>
    <ClInclude Include="SnapshotStream.h">
      <Filter>Header Files</Filter>
    </ClInclude>
    <ClInclude Include="SnapshotHeader.h">
      <Filter>Header Files</Filter>
    </ClInclude>
    <ClInclude Include="CNetVarBase.h">
      <Filter>Header Files</Filter>
    </ClInclude>
    <ClInclude Include="CNetVarVector.h">
      <Filter>Header Files</Filter>
    </ClInclude>
    <ClInclude Include="IEntityManager.h">
      <Filter>Header Files</Filter>
    </ClInclude>
    <ClInclude Include="SnapshotEntList.h">
      <Filter>Header Files</Filter>
    </ClInclude>
    <ClInclude Include="Constraints.h">
      <Filter>Header Files</Filter>
    </ClInclude>
    <ClInclude Include="NETIDReserved.h">
      <Filter>Header Files</Filter>
    </ClInclude>
  </ItemGroup>
  <ItemGroup>
    <ClCompile Include="INetworkPacketFactory.cpp">
      <Filter>Source Files</Filter>
    </ClCompile>
    <ClCompile Include="IController.cpp">
      <Filter>Source Files</Filter>
    </ClCompile>
    <ClCompile Include="NETTIK_Networking.cpp">
      <Filter>Source Files</Filter>
    </ClCompile>
    <ClCompile Include="IThread.cpp">
      <Filter>Source Files</Filter>
    </ClCompile>
    <ClCompile Include="IControllerClient.cpp">
      <Filter>Source Files</Filter>
    </ClCompile>
    <ClCompile Include="IControllerServer.cpp">
      <Filter>Source Files</Filter>
    </ClCompile>
    <ClCompile Include="CEntities.cpp">
      <Filter>Source Files</Filter>
    </ClCompile>
    <ClCompile Include="EntityMessages.pb.cc">
      <Filter>Source Files</Filter>
    </ClCompile>
    <ClCompile Include="VirtualInstance.cpp">
      <Filter>Source Files</Filter>
    </ClCompile>
    <ClCompile Include="CVector3.cpp">
      <Filter>Source Files</Filter>
    </ClCompile>
    <ClCompile Include="NetObject.cpp">
      <Filter>Source Files</Filter>
    </ClCompile>
    <ClCompile Include="NetVar.cpp">
      <Filter>Source Files</Filter>
    </ClCompile>
    <ClCompile Include="CPlayerRealm.cpp">
      <Filter>Source Files</Filter>
    </ClCompile>
    <ClCompile Include="SnapshotHeader.cpp">
      <Filter>Source Files</Filter>
    </ClCompile>
  </ItemGroup>
  <ItemGroup>
    <None Include="EntityMessages.proto">
      <Filter>Resource Files</Filter>
    </None>
  </ItemGroup>
</Project>